// !$*UTF8*$!
{
	archiveVersion = 1;
	classes = {
	};
	objectVersion = 56;
	objects = {

/* Begin PBXBuildFile section */
		42890FFE2BD8F184004BEEB7 /* TheyMakeIt_POC2App.swift in Sources */ = {isa = PBXBuildFile; fileRef = 42890FFD2BD8F184004BEEB7 /* TheyMakeIt_POC2App.swift */; };
		428910002BD8F184004BEEB7 /* ContentView.swift in Sources */ = {isa = PBXBuildFile; fileRef = 42890FFF2BD8F184004BEEB7 /* ContentView.swift */; };
		428910022BD8F185004BEEB7 /* Assets.xcassets in Resources */ = {isa = PBXBuildFile; fileRef = 428910012BD8F185004BEEB7 /* Assets.xcassets */; };
		428910052BD8F185004BEEB7 /* Preview Assets.xcassets in Resources */ = {isa = PBXBuildFile; fileRef = 428910042BD8F185004BEEB7 /* Preview Assets.xcassets */; };
		42AD479D2BDBEA02006F3250 /* Model.swift in Sources */ = {isa = PBXBuildFile; fileRef = 42AD479C2BDBEA02006F3250 /* Model.swift */; };
		42AD479F2BDBEA28006F3250 /* ListingView.swift in Sources */ = {isa = PBXBuildFile; fileRef = 42AD479E2BDBEA28006F3250 /* ListingView.swift */; };
		42B5333B2BEE1AEF000B6D61 /* BubbleView.swift in Sources */ = {isa = PBXBuildFile; fileRef = 42B5333A2BEE1AEF000B6D61 /* BubbleView.swift */; };
		42B5333D2BEE1B5C000B6D61 /* CardView.swift in Sources */ = {isa = PBXBuildFile; fileRef = 42B5333C2BEE1B5C000B6D61 /* CardView.swift */; };
/* End PBXBuildFile section */

/* Begin PBXFileReference section */
		42890FFA2BD8F184004BEEB7 /* TheyMakeIt-POC2.app */ = {isa = PBXFileReference; explicitFileType = wrapper.application; includeInIndex = 0; path = "TheyMakeIt-POC2.app"; sourceTree = BUILT_PRODUCTS_DIR; };
		42890FFD2BD8F184004BEEB7 /* TheyMakeIt_POC2App.swift */ = {isa = PBXFileReference; lastKnownFileType = sourcecode.swift; path = TheyMakeIt_POC2App.swift; sourceTree = "<group>"; };
		42890FFF2BD8F184004BEEB7 /* ContentView.swift */ = {isa = PBXFileReference; lastKnownFileType = sourcecode.swift; path = ContentView.swift; sourceTree = "<group>"; };
		428910012BD8F185004BEEB7 /* Assets.xcassets */ = {isa = PBXFileReference; lastKnownFileType = folder.assetcatalog; path = Assets.xcassets; sourceTree = "<group>"; };
		428910042BD8F185004BEEB7 /* Preview Assets.xcassets */ = {isa = PBXFileReference; lastKnownFileType = folder.assetcatalog; path = "Preview Assets.xcassets"; sourceTree = "<group>"; };
		42AD479C2BDBEA02006F3250 /* Model.swift */ = {isa = PBXFileReference; lastKnownFileType = sourcecode.swift; path = Model.swift; sourceTree = "<group>"; };
		42AD479E2BDBEA28006F3250 /* ListingView.swift */ = {isa = PBXFileReference; lastKnownFileType = sourcecode.swift; path = ListingView.swift; sourceTree = "<group>"; };
		42B5333A2BEE1AEF000B6D61 /* BubbleView.swift */ = {isa = PBXFileReference; lastKnownFileType = sourcecode.swift; path = BubbleView.swift; sourceTree = "<group>"; };
		42B5333C2BEE1B5C000B6D61 /* CardView.swift */ = {isa = PBXFileReference; lastKnownFileType = sourcecode.swift; path = CardView.swift; sourceTree = "<group>"; };
/* End PBXFileReference section */

/* Begin PBXFrameworksBuildPhase section */
		42890FF72BD8F184004BEEB7 /* Frameworks */ = {
			isa = PBXFrameworksBuildPhase;
			buildActionMask = 2147483647;
			files = (
			);
			runOnlyForDeploymentPostprocessing = 0;
		};
/* End PBXFrameworksBuildPhase section */

/* Begin PBXGroup section */
		42890FF12BD8F184004BEEB7 = {
			isa = PBXGroup;
			children = (
				42890FFC2BD8F184004BEEB7 /* TheyMakeIt-POC2 */,
				42890FFB2BD8F184004BEEB7 /* Products */,
			);
			sourceTree = "<group>";
		};
		42890FFB2BD8F184004BEEB7 /* Products */ = {
			isa = PBXGroup;
			children = (
				42890FFA2BD8F184004BEEB7 /* TheyMakeIt-POC2.app */,
			);
			name = Products;
			sourceTree = "<group>";
		};
		42890FFC2BD8F184004BEEB7 /* TheyMakeIt-POC2 */ = {
			isa = PBXGroup;
			children = (
				42890FFD2BD8F184004BEEB7 /* TheyMakeIt_POC2App.swift */,
				42AD479C2BDBEA02006F3250 /* Model.swift */,
				42890FFF2BD8F184004BEEB7 /* ContentView.swift */,
				42B5333C2BEE1B5C000B6D61 /* CardView.swift */,
				42B5333A2BEE1AEF000B6D61 /* BubbleView.swift */,
				428910012BD8F185004BEEB7 /* Assets.xcassets */,
				42AD479E2BDBEA28006F3250 /* ListingView.swift */,
				428910032BD8F185004BEEB7 /* Preview Content */,
			);
			path = "TheyMakeIt-POC2";
			sourceTree = "<group>";
		};
		428910032BD8F185004BEEB7 /* Preview Content */ = {
			isa = PBXGroup;
			children = (
				428910042BD8F185004BEEB7 /* Preview Assets.xcassets */,
			);
			path = "Preview Content";
			sourceTree = "<group>";
		};
/* End PBXGroup section */

/* Begin PBXNativeTarget section */
		42890FF92BD8F184004BEEB7 /* TheyMakeIt-POC2 */ = {
			isa = PBXNativeTarget;
			buildConfigurationList = 428910082BD8F185004BEEB7 /* Build configuration list for PBXNativeTarget "TheyMakeIt-POC2" */;
			buildPhases = (
				42890FF62BD8F184004BEEB7 /* Sources */,
				42890FF72BD8F184004BEEB7 /* Frameworks */,
				42890FF82BD8F184004BEEB7 /* Resources */,
			);
			buildRules = (
			);
			dependencies = (
			);
			name = "TheyMakeIt-POC2";
			productName = "TheyMakeIt-POC2";
			productReference = 42890FFA2BD8F184004BEEB7 /* TheyMakeIt-POC2.app */;
			productType = "com.apple.product-type.application";
		};
/* End PBXNativeTarget section */

/* Begin PBXProject section */
		42890FF22BD8F184004BEEB7 /* Project object */ = {
			isa = PBXProject;
			attributes = {
				BuildIndependentTargetsInParallel = 1;
				LastSwiftUpdateCheck = 1530;
				LastUpgradeCheck = 1530;
				TargetAttributes = {
					42890FF92BD8F184004BEEB7 = {
						CreatedOnToolsVersion = 15.3;
					};
				};
			};
			buildConfigurationList = 42890FF52BD8F184004BEEB7 /* Build configuration list for PBXProject "TheyMakeIt-POC2" */;
			compatibilityVersion = "Xcode 14.0";
			developmentRegion = en;
			hasScannedForEncodings = 0;
			knownRegions = (
				en,
				Base,
			);
			mainGroup = 42890FF12BD8F184004BEEB7;
			productRefGroup = 42890FFB2BD8F184004BEEB7 /* Products */;
			projectDirPath = "";
			projectRoot = "";
			targets = (
				42890FF92BD8F184004BEEB7 /* TheyMakeIt-POC2 */,
			);
		};
/* End PBXProject section */

/* Begin PBXResourcesBuildPhase section */
		42890FF82BD8F184004BEEB7 /* Resources */ = {
			isa = PBXResourcesBuildPhase;
			buildActionMask = 2147483647;
			files = (
				428910052BD8F185004BEEB7 /* Preview Assets.xcassets in Resources */,
				428910022BD8F185004BEEB7 /* Assets.xcassets in Resources */,
			);
			runOnlyForDeploymentPostprocessing = 0;
		};
/* End PBXResourcesBuildPhase section */

/* Begin PBXSourcesBuildPhase section */
		42890FF62BD8F184004BEEB7 /* Sources */ = {
			isa = PBXSourcesBuildPhase;
			buildActionMask = 2147483647;
			files = (
				42B5333B2BEE1AEF000B6D61 /* BubbleView.swift in Sources */,
				42AD479D2BDBEA02006F3250 /* Model.swift in Sources */,
				42AD479F2BDBEA28006F3250 /* ListingView.swift in Sources */,
				428910002BD8F184004BEEB7 /* ContentView.swift in Sources */,
				42B5333D2BEE1B5C000B6D61 /* CardView.swift in Sources */,
				42890FFE2BD8F184004BEEB7 /* TheyMakeIt_POC2App.swift in Sources */,
			);
			runOnlyForDeploymentPostprocessing = 0;
		};
/* End PBXSourcesBuildPhase section */

/* Begin XCBuildConfiguration section */
		428910062BD8F185004BEEB7 /* Debug */ = {
			isa = XCBuildConfiguration;
			buildSettings = {
				ALWAYS_SEARCH_USER_PATHS = NO;
				ASSETCATALOG_COMPILER_GENERATE_SWIFT_ASSET_SYMBOL_EXTENSIONS = YES;
				CLANG_ANALYZER_NONNULL = YES;
				CLANG_ANALYZER_NUMBER_OBJECT_CONVERSION = YES_AGGRESSIVE;
				CLANG_CXX_LANGUAGE_STANDARD = "gnu++20";
				CLANG_ENABLE_MODULES = YES;
				CLANG_ENABLE_OBJC_ARC = YES;
				CLANG_ENABLE_OBJC_WEAK = YES;
				CLANG_WARN_BLOCK_CAPTURE_AUTORELEASING = YES;
				CLANG_WARN_BOOL_CONVERSION = YES;
				CLANG_WARN_COMMA = YES;
				CLANG_WARN_CONSTANT_CONVERSION = YES;
				CLANG_WARN_DEPRECATED_OBJC_IMPLEMENTATIONS = YES;
				CLANG_WARN_DIRECT_OBJC_ISA_USAGE = YES_ERROR;
				CLANG_WARN_DOCUMENTATION_COMMENTS = YES;
				CLANG_WARN_EMPTY_BODY = YES;
				CLANG_WARN_ENUM_CONVERSION = YES;
				CLANG_WARN_INFINITE_RECURSION = YES;
				CLANG_WARN_INT_CONVERSION = YES;
				CLANG_WARN_NON_LITERAL_NULL_CONVERSION = YES;
				CLANG_WARN_OBJC_IMPLICIT_RETAIN_SELF = YES;
				CLANG_WARN_OBJC_LITERAL_CONVERSION = YES;
				CLANG_WARN_OBJC_ROOT_CLASS = YES_ERROR;
				CLANG_WARN_QUOTED_INCLUDE_IN_FRAMEWORK_HEADER = YES;
				CLANG_WARN_RANGE_LOOP_ANALYSIS = YES;
				CLANG_WARN_STRICT_PROTOTYPES = YES;
				CLANG_WARN_SUSPICIOUS_MOVE = YES;
				CLANG_WARN_UNGUARDED_AVAILABILITY = YES_AGGRESSIVE;
				CLANG_WARN_UNREACHABLE_CODE = YES;
				CLANG_WARN__DUPLICATE_METHOD_MATCH = YES;
				COPY_PHASE_STRIP = NO;
				DEBUG_INFORMATION_FORMAT = dwarf;
				ENABLE_STRICT_OBJC_MSGSEND = YES;
				ENABLE_TESTABILITY = YES;
				ENABLE_USER_SCRIPT_SANDBOXING = YES;
				GCC_C_LANGUAGE_STANDARD = gnu17;
				GCC_DYNAMIC_NO_PIC = NO;
				GCC_NO_COMMON_BLOCKS = YES;
				GCC_OPTIMIZATION_LEVEL = 0;
				GCC_PREPROCESSOR_DEFINITIONS = (
					"DEBUG=1",
					"$(inherited)",
				);
				GCC_WARN_64_TO_32_BIT_CONVERSION = YES;
				GCC_WARN_ABOUT_RETURN_TYPE = YES_ERROR;
				GCC_WARN_UNDECLARED_SELECTOR = YES;
				GCC_WARN_UNINITIALIZED_AUTOS = YES_AGGRESSIVE;
				GCC_WARN_UNUSED_FUNCTION = YES;
				GCC_WARN_UNUSED_VARIABLE = YES;
				IPHONEOS_DEPLOYMENT_TARGET = 17.4;
				LOCALIZATION_PREFERS_STRING_CATALOGS = YES;
				MTL_ENABLE_DEBUG_INFO = INCLUDE_SOURCE;
				MTL_FAST_MATH = YES;
				ONLY_ACTIVE_ARCH = YES;
				SDKROOT = iphoneos;
				SWIFT_ACTIVE_COMPILATION_CONDITIONS = "DEBUG $(inherited)";
				SWIFT_OPTIMIZATION_LEVEL = "-Onone";
			};
			name = Debug;
		};
		428910072BD8F185004BEEB7 /* Release */ = {
			isa = XCBuildConfiguration;
			buildSettings = {
				ALWAYS_SEARCH_USER_PATHS = NO;
				ASSETCATALOG_COMPILER_GENERATE_SWIFT_ASSET_SYMBOL_EXTENSIONS = YES;
				CLANG_ANALYZER_NONNULL = YES;
				CLANG_ANALYZER_NUMBER_OBJECT_CONVERSION = YES_AGGRESSIVE;
				CLANG_CXX_LANGUAGE_STANDARD = "gnu++20";
				CLANG_ENABLE_MODULES = YES;
				CLANG_ENABLE_OBJC_ARC = YES;
				CLANG_ENABLE_OBJC_WEAK = YES;
				CLANG_WARN_BLOCK_CAPTURE_AUTORELEASING = YES;
				CLANG_WARN_BOOL_CONVERSION = YES;
				CLANG_WARN_COMMA = YES;
				CLANG_WARN_CONSTANT_CONVERSION = YES;
				CLANG_WARN_DEPRECATED_OBJC_IMPLEMENTATIONS = YES;
				CLANG_WARN_DIRECT_OBJC_ISA_USAGE = YES_ERROR;
				CLANG_WARN_DOCUMENTATION_COMMENTS = YES;
				CLANG_WARN_EMPTY_BODY = YES;
				CLANG_WARN_ENUM_CONVERSION = YES;
				CLANG_WARN_INFINITE_RECURSION = YES;
				CLANG_WARN_INT_CONVERSION = YES;
				CLANG_WARN_NON_LITERAL_NULL_CONVERSION = YES;
				CLANG_WARN_OBJC_IMPLICIT_RETAIN_SELF = YES;
				CLANG_WARN_OBJC_LITERAL_CONVERSION = YES;
				CLANG_WARN_OBJC_ROOT_CLASS = YES_ERROR;
				CLANG_WARN_QUOTED_INCLUDE_IN_FRAMEWORK_HEADER = YES;
				CLANG_WARN_RANGE_LOOP_ANALYSIS = YES;
				CLANG_WARN_STRICT_PROTOTYPES = YES;
				CLANG_WARN_SUSPICIOUS_MOVE = YES;
				CLANG_WARN_UNGUARDED_AVAILABILITY = YES_AGGRESSIVE;
				CLANG_WARN_UNREACHABLE_CODE = YES;
				CLANG_WARN__DUPLICATE_METHOD_MATCH = YES;
				COPY_PHASE_STRIP = NO;
				DEBUG_INFORMATION_FORMAT = "dwarf-with-dsym";
				ENABLE_NS_ASSERTIONS = NO;
				ENABLE_STRICT_OBJC_MSGSEND = YES;
				ENABLE_USER_SCRIPT_SANDBOXING = YES;
				GCC_C_LANGUAGE_STANDARD = gnu17;
				GCC_NO_COMMON_BLOCKS = YES;
				GCC_WARN_64_TO_32_BIT_CONVERSION = YES;
				GCC_WARN_ABOUT_RETURN_TYPE = YES_ERROR;
				GCC_WARN_UNDECLARED_SELECTOR = YES;
				GCC_WARN_UNINITIALIZED_AUTOS = YES_AGGRESSIVE;
				GCC_WARN_UNUSED_FUNCTION = YES;
				GCC_WARN_UNUSED_VARIABLE = YES;
				IPHONEOS_DEPLOYMENT_TARGET = 17.4;
				LOCALIZATION_PREFERS_STRING_CATALOGS = YES;
				MTL_ENABLE_DEBUG_INFO = NO;
				MTL_FAST_MATH = YES;
				SDKROOT = iphoneos;
				SWIFT_COMPILATION_MODE = wholemodule;
				VALIDATE_PRODUCT = YES;
			};
			name = Release;
		};
		428910092BD8F185004BEEB7 /* Debug */ = {
			isa = XCBuildConfiguration;
			buildSettings = {
				ASSETCATALOG_COMPILER_APPICON_NAME = AppIcon;
				ASSETCATALOG_COMPILER_GLOBAL_ACCENT_COLOR_NAME = AccentColor;
				CODE_SIGN_STYLE = Automatic;
				CURRENT_PROJECT_VERSION = 1;
				DEVELOPMENT_ASSET_PATHS = "\"TheyMakeIt-POC2/Preview Content\"";
				DEVELOPMENT_TEAM = 6FH7WNJPHQ;
				ENABLE_PREVIEWS = YES;
				GENERATE_INFOPLIST_FILE = YES;
				INFOPLIST_KEY_UIApplicationSceneManifest_Generation = YES;
				INFOPLIST_KEY_UIApplicationSupportsIndirectInputEvents = YES;
				INFOPLIST_KEY_UILaunchScreen_Generation = YES;
				INFOPLIST_KEY_UISupportedInterfaceOrientations_iPad = "UIInterfaceOrientationPortrait UIInterfaceOrientationPortraitUpsideDown UIInterfaceOrientationLandscapeLeft UIInterfaceOrientationLandscapeRight";
				INFOPLIST_KEY_UISupportedInterfaceOrientations_iPhone = "UIInterfaceOrientationPortrait UIInterfaceOrientationLandscapeLeft UIInterfaceOrientationLandscapeRight";
				LD_RUNPATH_SEARCH_PATHS = (
					"$(inherited)",
					"@executable_path/Frameworks",
				);
				MARKETING_VERSION = 1.0;
				PRODUCT_BUNDLE_IDENTIFIER = "com.amandinecousin.TheyMakeIt-POC2";
				PRODUCT_NAME = "$(TARGET_NAME)";
				SWIFT_EMIT_LOC_STRINGS = YES;
				SWIFT_VERSION = 5.0;
				TARGETED_DEVICE_FAMILY = "1,2";
			};
			name = Debug;
		};
		4289100A2BD8F185004BEEB7 /* Release */ = {
			isa = XCBuildConfiguration;
			buildSettings = {
				ASSETCATALOG_COMPILER_APPICON_NAME = AppIcon;
				ASSETCATALOG_COMPILER_GLOBAL_ACCENT_COLOR_NAME = AccentColor;
				CODE_SIGN_STYLE = Automatic;
				CURRENT_PROJECT_VERSION = 1;
				DEVELOPMENT_ASSET_PATHS = "\"TheyMakeIt-POC2/Preview Content\"";
				DEVELOPMENT_TEAM = 6FH7WNJPHQ;
				ENABLE_PREVIEWS = YES;
				GENERATE_INFOPLIST_FILE = YES;
				INFOPLIST_KEY_UIApplicationSceneManifest_Generation = YES;
				INFOPLIST_KEY_UIApplicationSupportsIndirectInputEvents = YES;
				INFOPLIST_KEY_UILaunchScreen_Generation = YES;
				INFOPLIST_KEY_UISupportedInterfaceOrientations_iPad = "UIInterfaceOrientationPortrait UIInterfaceOrientationPortraitUpsideDown UIInterfaceOrientationLandscapeLeft UIInterfaceOrientationLandscapeRight";
				INFOPLIST_KEY_UISupportedInterfaceOrientations_iPhone = "UIInterfaceOrientationPortrait UIInterfaceOrientationLandscapeLeft UIInterfaceOrientationLandscapeRight";
				LD_RUNPATH_SEARCH_PATHS = (
					"$(inherited)",
					"@executable_path/Frameworks",
				);
				MARKETING_VERSION = 1.0;
				PRODUCT_BUNDLE_IDENTIFIER = "com.amandinecousin.TheyMakeIt-POC2";
				PRODUCT_NAME = "$(TARGET_NAME)";
				SWIFT_EMIT_LOC_STRINGS = YES;
				SWIFT_VERSION = 5.0;
				TARGETED_DEVICE_FAMILY = "1,2";
			};
			name = Release;
		};
/* End XCBuildConfiguration section */

/* Begin XCConfigurationList section */
		42890FF52BD8F184004BEEB7 /* Build configuration list for PBXProject "TheyMakeIt-POC2" */ = {
			isa = XCConfigurationList;
			buildConfigurations = (
				428910062BD8F185004BEEB7 /* Debug */,
				428910072BD8F185004BEEB7 /* Release */,
			);
			defaultConfigurationIsVisible = 0;
			defaultConfigurationName = Release;
		};
		428910082BD8F185004BEEB7 /* Build configuration list for PBXNativeTarget "TheyMakeIt-POC2" */ = {
			isa = XCConfigurationList;
			buildConfigurations = (
				428910092BD8F185004BEEB7 /* Debug */,
				4289100A2BD8F185004BEEB7 /* Release */,
			);
			defaultConfigurationIsVisible = 0;
			defaultConfigurationName = Release;
		};
/* End XCConfigurationList section */
	};
	rootObject = 42890FF22BD8F184004BEEB7 /* Project object */;
}
